
Microsoft Visual Studio Solution File, Format Version 12.00
# Visual Studio Version 16
VisualStudioVersion = 16.0.31624.102
MinimumVisualStudioVersion = 10.0.40219.1
Project("{FAE04EC0-301F-11D3-BF4B-00C04F79EFBC}") = "Magaz", "Magaz\Magaz.csproj", "{FEFD443D-1B34-48F1-9181-9716386A99EF}"
EndProject
Global
	GlobalSection(SolutionConfigurationPlatforms) = preSolution
		Debug|Any CPU = Debug|Any CPU
		Release|Any CPU = Release|Any CPU
	EndGlobalSection
	GlobalSection(ProjectConfigurationPlatforms) = postSolution
		{FEFD443D-1B34-48F1-9181-9716386A99EF}.Debug|Any CPU.ActiveCfg = Debug|Any CPU
		{FEFD443D-1B34-48F1-9181-9716386A99EF}.Debug|Any CPU.Build.0 = Debug|Any CPU
		{FEFD443D-1B34-48F1-9181-9716386A99EF}.Release|Any CPU.ActiveCfg = Release|Any CPU
		{FEFD443D-1B34-48F1-9181-9716386A99EF}.Release|Any CPU.Build.0 = Release|Any CPU
	EndGlobalSection
	GlobalSection(SolutionProperties) = preSolution
		HideSolutionNode = FALSE
	EndGlobalSection
	GlobalSection(ExtensibilityGlobals) = postSolution
		SolutionGuid = {27A4E343-FC45-42BD-B269-F0258F82F15D}
	EndGlobalSection
EndGlobal
